# THIS IS AN AUTOGENERATED FILE. DO NOT EDIT THIS FILE DIRECTLY.
# yarn lockfile v1


"@types/module-alias@^2.0.1":
  version "2.0.1"
  resolved "https://registry.yarnpkg.com/@types/module-alias/-/module-alias-2.0.1.tgz#e5893236ce922152d57c5f3f978f764f4deeb45f"
  integrity sha512-DN/CCT1HQG6HquBNJdLkvV+4v5l/oEuwOHUPLxI+Eub0NED+lk0YUfba04WGH90EINiUrNgClkNnwGmbICeWMQ==
